
Microsoft Visual Studio Solution File, Format Version 12.00
# Visual Studio Version 17
VisualStudioVersion = 17.1.32319.34
MinimumVisualStudioVersion = 10.0.40219.1
Project("{9A19103F-16F7-4668-BE54-9A1E7A4F7556}") = "APIFilmes", "APIFilmes\APIFilmes.csproj", "{6C60B8B6-57B6-4477-96DB-D267D493944D}"
EndProject
Project("{FAE04EC0-301F-11D3-BF4B-00C04F79EFBC}") = "UsuariosApi", "UsuariosApi\UsuariosApi.csproj", "{BA58FAE2-43E1-418E-A486-0EDC360F14E7}"
EndProject
Global
	GlobalSection(SolutionConfigurationPlatforms) = preSolution
		Debug|Any CPU = Debug|Any CPU
		Release|Any CPU = Release|Any CPU
	EndGlobalSection
	GlobalSection(ProjectConfigurationPlatforms) = postSolution
		{6C60B8B6-57B6-4477-96DB-D267D493944D}.Debug|Any CPU.ActiveCfg = Debug|Any CPU
		{6C60B8B6-57B6-4477-96DB-D267D493944D}.Debug|Any CPU.Build.0 = Debug|Any CPU
		{6C60B8B6-57B6-4477-96DB-D267D493944D}.Release|Any CPU.ActiveCfg = Release|Any CPU
		{6C60B8B6-57B6-4477-96DB-D267D493944D}.Release|Any CPU.Build.0 = Release|Any CPU
		{BA58FAE2-43E1-418E-A486-0EDC360F14E7}.Debug|Any CPU.ActiveCfg = Debug|Any CPU
		{BA58FAE2-43E1-418E-A486-0EDC360F14E7}.Debug|Any CPU.Build.0 = Debug|Any CPU
		{BA58FAE2-43E1-418E-A486-0EDC360F14E7}.Release|Any CPU.ActiveCfg = Release|Any CPU
		{BA58FAE2-43E1-418E-A486-0EDC360F14E7}.Release|Any CPU.Build.0 = Release|Any CPU
	EndGlobalSection
	GlobalSection(SolutionProperties) = preSolution
		HideSolutionNode = FALSE
	EndGlobalSection
	GlobalSection(ExtensibilityGlobals) = postSolution
		SolutionGuid = {402C8520-7C14-461C-9C97-742AEDAF5CCF}
	EndGlobalSection
EndGlobal
